
Microsoft Visual Studio Solution File, Format Version 12.00
# Visual Studio for Mac
Project("{FAE04EC0-301F-11D3-BF4B-00C04F79EFBC}") = "Assembly-CSharp", "Assembly-CSharp.csproj", "{09B1A19B-6B79-498D-8C9B-19AD24CE4E34}"
EndProject
Project("{FAE04EC0-301F-11D3-BF4B-00C04F79EFBC}") = "Assembly-CSharp-Editor", "Assembly-CSharp-Editor.csproj", "{9450F8A0-8C6C-2E6D-378B-703BADF4B28D}"
EndProject
Global
	GlobalSection(SolutionConfigurationPlatforms) = preSolution
		Debug|Any CPU = Debug|Any CPU
		Release|Any CPU = Release|Any CPU
	EndGlobalSection
	GlobalSection(ProjectConfigurationPlatforms) = postSolution
		{09B1A19B-6B79-498D-8C9B-19AD24CE4E34}.Debug|Any CPU.ActiveCfg = Debug|Any CPU
		{09B1A19B-6B79-498D-8C9B-19AD24CE4E34}.Debug|Any CPU.Build.0 = Debug|Any CPU
		{09B1A19B-6B79-498D-8C9B-19AD24CE4E34}.Release|Any CPU.ActiveCfg = Release|Any CPU
		{09B1A19B-6B79-498D-8C9B-19AD24CE4E34}.Release|Any CPU.Build.0 = Release|Any CPU
		{9450F8A0-8C6C-2E6D-378B-703BADF4B28D}.Debug|Any CPU.ActiveCfg = Debug|Any CPU
		{9450F8A0-8C6C-2E6D-378B-703BADF4B28D}.Debug|Any CPU.Build.0 = Debug|Any CPU
		{9450F8A0-8C6C-2E6D-378B-703BADF4B28D}.Release|Any CPU.ActiveCfg = Release|Any CPU
		{9450F8A0-8C6C-2E6D-378B-703BADF4B28D}.Release|Any CPU.Build.0 = Release|Any CPU
	EndGlobalSection
	GlobalSection(SolutionProperties) = preSolution
		HideSolutionNode = FALSE
	EndGlobalSection
EndGlobal
